<?xml version="1.0" encoding="utf-8"?>
<Project ToolsVersion="4.0" xmlns="http://schemas.microsoft.com/developer/msbuild/2003">
  <ItemGroup>
    <Filter Include="Source Files">
      <UniqueIdentifier>{4FC737F1-C7A5-4376-A066-2A32D752A2FF}</UniqueIdentifier>
      <Extensions>cpp;c;cc;cxx;def;odl;idl;hpj;bat;asm;asmx</Extensions>
    </Filter>
    <Filter Include="Header Files">
      <UniqueIdentifier>{93995380-89BD-4b04-88EB-625FBE52EBFB}</UniqueIdentifier>
      <Extensions>h;hh;hpp;hxx;hm;inl;inc;xsd</Extensions>
    </Filter>
    <Filter Include="Resource Files">
      <UniqueIdentifier>{67DA6AB6-F800-4c08-8B7A-83BB121AAD01}</UniqueIdentifier>
      <Extensions>rc;ico;cur;bmp;dlg;rc2;rct;bin;rgs;gif;jpg;jpeg;jpe;resx;tiff;tif;png;wav;mfcribbon-ms</Extensions>
    </Filter>
    <Filter Include="DXUT">
      <UniqueIdentifier>{3589aecb-c23a-4604-ba2f-47cc48bb18bb}</UniqueIdentifier>
    </Filter>
    <Filter Include="geommath">
      <UniqueIdentifier>{cf279851-bdba-413d-937d-e99cb36a31bb}</UniqueIdentifier>
    </Filter>
    <Filter Include="Main">
      <UniqueIdentifier>{18592571-f21b-4921-999c-8ab8e714ad77}</UniqueIdentifier>
    </Filter>
    <Filter Include="lighting">
      <UniqueIdentifier>{e017a7d1-484f-421b-8389-f31cd736fd93}</UniqueIdentifier>
    </Filter>
    <Filter Include="Mesh">
      <UniqueIdentifier>{3e145cd9-de22-4742-bfbf-c2876f25b1ed}</UniqueIdentifier>
    </Filter>
    <Filter Include="QuadTree">
      <UniqueIdentifier>{fd011399-0457-442f-a7fe-7976ad4e348f}</UniqueIdentifier>
    </Filter>
    <Filter Include="Shaders">
      <UniqueIdentifier>{d92f6e05-7860-4d88-895d-7a91d08646b1}</UniqueIdentifier>
    </Filter>
    <Filter Include="ShaderUtils">
      <UniqueIdentifier>{5d260b95-3fc1-4dee-b868-a39dbbd47521}</UniqueIdentifier>
    </Filter>
    <Filter Include="Texture">
      <UniqueIdentifier>{ec930f17-9b4f-4857-9a00-c242d6c57d92}</UniqueIdentifier>
    </Filter>
    <Filter Include="meshimport">
      <UniqueIdentifier>{8c497947-143c-4d6b-b766-5ac5db550675}</UniqueIdentifier>
    </Filter>
    <Filter Include="scenegraph">
      <UniqueIdentifier>{9fd503e0-89cf-403a-8aff-c1e71caf6c78}</UniqueIdentifier>
    </Filter>
    <Filter Include="shadows">
      <UniqueIdentifier>{8269131c-e8a4-4767-b38e-35cca97cfab3}</UniqueIdentifier>
    </Filter>
    <Filter Include="canvas">
      <UniqueIdentifier>{bfa7623c-958d-4d0c-aa23-e337386a8c81}</UniqueIdentifier>
    </Filter>
  </ItemGroup>
  <ItemGroup>
    <ClCompile Include="DXUT11\Core\DDSTextureLoader.cpp">
      <Filter>DXUT</Filter>
    </ClCompile>
    <ClCompile Include="DXUT11\Core\dxerr.cpp">
      <Filter>DXUT</Filter>
    </ClCompile>
    <ClCompile Include="DXUT11\Core\DXUT.cpp">
      <Filter>DXUT</Filter>
    </ClCompile>
    <ClCompile Include="DXUT11\Core\DXUTDevice11.cpp">
      <Filter>DXUT</Filter>
    </ClCompile>
    <ClCompile Include="DXUT11\Core\DXUTmisc.cpp">
      <Filter>DXUT</Filter>
    </ClCompile>
    <ClCompile Include="DXUT11\Core\ScreenGrab.cpp">
      <Filter>DXUT</Filter>
    </ClCompile>
    <ClCompile Include="DXUT11\Core\WICTextureLoader.cpp">
      <Filter>DXUT</Filter>
    </ClCompile>
    <ClCompile Include="DXUT11\Optional\DXUTcamera.cpp">
      <Filter>DXUT</Filter>
    </ClCompile>
    <ClCompile Include="DXUT11\Optional\DXUTgui.cpp">
      <Filter>DXUT</Filter>
    </ClCompile>
    <ClCompile Include="DXUT11\Optional\DXUTguiIME.cpp">
      <Filter>DXUT</Filter>
    </ClCompile>
    <ClCompile Include="DXUT11\Optional\DXUTres.cpp">
      <Filter>DXUT</Filter>
    </ClCompile>
    <ClCompile Include="DXUT11\Optional\DXUTsettingsdlg.cpp">
      <Filter>DXUT</Filter>
    </ClCompile>
    <ClCompile Include="DXUT11\Optional\ImeUi.cpp">
      <Filter>DXUT</Filter>
    </ClCompile>
    <ClCompile Include="DXUT11\Optional\SDKmesh.cpp">
      <Filter>DXUT</Filter>
    </ClCompile>
    <ClCompile Include="DXUT11\Optional\SDKmisc.cpp">
      <Filter>DXUT</Filter>
    </ClCompile>
    <ClCompile Include="geommath\mat33.cpp">
      <Filter>geommath</Filter>
    </ClCompile>
    <ClCompile Include="geommath\mat44.cpp">
      <Filter>geommath</Filter>
    </ClCompile>
    <ClCompile Include="geommath\quaternion.cpp">
      <Filter>geommath</Filter>
    </ClCompile>
    <ClCompile Include="geommath\vec3.cpp">
      <Filter>geommath</Filter>
    </ClCompile>
    <ClCompile Include="geommath\vec4.cpp">
      <Filter>geommath</Filter>
    </ClCompile>
    <ClCompile Include="main.cpp">
      <Filter>Main</Filter>
    </ClCompile>
    <ClCompile Include="mesh_fil.cpp">
      <Filter>Mesh</Filter>
    </ClCompile>
    <ClCompile Include="quadtree.cpp">
      <Filter>QuadTree</Filter>
    </ClCompile>
    <ClCompile Include="shader.cpp">
      <Filter>ShaderUtils</Filter>
    </ClCompile>
    <ClCompile Include="shaderpipeline.cpp">
      <Filter>ShaderUtils</Filter>
    </ClCompile>
    <ClCompile Include="shaderutils.cpp">
      <Filter>ShaderUtils</Filter>
    </ClCompile>
    <ClCompile Include="texture_rt.cpp">
      <Filter>Texture</Filter>
    </ClCompile>
    <ClCompile Include="meshimport\objreader.cpp">
      <Filter>meshimport</Filter>
    </ClCompile>
    <ClCompile Include="meshimport\mikktspace.c">
      <Filter>meshimport</Filter>
    </ClCompile>
    <ClCompile Include="meshimport\meshdraw.cpp">
      <Filter>meshimport</Filter>
    </ClCompile>
    <ClCompile Include="buffer.cpp">
      <Filter>Texture</Filter>
    </ClCompile>
    <ClCompile Include="meshimport\weldmesh.c">
      <Filter>meshimport</Filter>
    </ClCompile>
    <ClCompile Include="scenegraph.cpp">
      <Filter>scenegraph</Filter>
    </ClCompile>
    <ClCompile Include="VolumeTiling.cpp">
      <Filter>lighting</Filter>
    </ClCompile>
    <ClCompile Include="shadows.cpp">
      <Filter>shadows</Filter>
    </ClCompile>
    <ClCompile Include="canvas.cpp">
      <Filter>canvas</Filter>
    </ClCompile>
  </ItemGroup>
  <ItemGroup>
    <ClInclude Include="DXUT11\Core\DDSTextureLoader.h">
      <Filter>DXUT</Filter>
    </ClInclude>
    <ClInclude Include="DXUT11\Core\dxerr.h">
      <Filter>DXUT</Filter>
    </ClInclude>
    <ClInclude Include="DXUT11\Core\DXUT.h">
      <Filter>DXUT</Filter>
    </ClInclude>
    <ClInclude Include="DXUT11\Core\DXUTDevice11.h">
      <Filter>DXUT</Filter>
    </ClInclude>
    <ClInclude Include="DXUT11\Core\DXUTmisc.h">
      <Filter>DXUT</Filter>
    </ClInclude>
    <ClInclude Include="DXUT11\Core\ScreenGrab.h">
      <Filter>DXUT</Filter>
    </ClInclude>
    <ClInclude Include="DXUT11\Core\WICTextureLoader.h">
      <Filter>DXUT</Filter>
    </ClInclude>
    <ClInclude Include="DXUT11\Optional\DXUTcamera.h">
      <Filter>DXUT</Filter>
    </ClInclude>
    <ClInclude Include="DXUT11\Optional\DXUTgui.h">
      <Filter>DXUT</Filter>
    </ClInclude>
    <ClInclude Include="DXUT11\Optional\DXUTguiIME.h">
      <Filter>DXUT</Filter>
    </ClInclude>
    <ClInclude Include="DXUT11\Optional\DXUTLockFreePipe.h">
      <Filter>DXUT</Filter>
    </ClInclude>
    <ClInclude Include="DXUT11\Optional\DXUTres.h">
      <Filter>DXUT</Filter>
    </ClInclude>
    <ClInclude Include="DXUT11\Optional\DXUTsettingsdlg.h">
      <Filter>DXUT</Filter>
    </ClInclude>
    <ClInclude Include="DXUT11\Optional\ImeUi.h">
      <Filter>DXUT</Filter>
    </ClInclude>
    <ClInclude Include="DXUT11\Optional\SDKmesh.h">
      <Filter>DXUT</Filter>
    </ClInclude>
    <ClInclude Include="DXUT11\Optional\SDKmisc.h">
      <Filter>DXUT</Filter>
    </ClInclude>
    <ClInclude Include="geommath\geommath.h">
      <Filter>geommath</Filter>
    </ClInclude>
    <ClInclude Include="geommath\mat33.h">
      <Filter>geommath</Filter>
    </ClInclude>
    <ClInclude Include="geommath\mat44.h">
      <Filter>geommath</Filter>
    </ClInclude>
    <ClInclude Include="geommath\quaternion.h">
      <Filter>geommath</Filter>
    </ClInclude>
    <ClInclude Include="geommath\vec3.h">
      <Filter>geommath</Filter>
    </ClInclude>
    <ClInclude Include="geommath\vec4.h">
      <Filter>geommath</Filter>
    </ClInclude>
    <ClInclude Include="mesh_fil.h">
      <Filter>Mesh</Filter>
    </ClInclude>
    <ClInclude Include="quadtree.h">
      <Filter>QuadTree</Filter>
    </ClInclude>
    <ClInclude Include="illum.h">
      <Filter>Shaders</Filter>
    </ClInclude>
    <ClInclude Include="shader_base.h">
      <Filter>Shaders</Filter>
    </ClInclude>
    <ClInclude Include="std_cbuffer.h">
      <Filter>Shaders</Filter>
    </ClInclude>
    <ClInclude Include="shader.h">
      <Filter>ShaderUtils</Filter>
    </ClInclude>
    <ClInclude Include="shaderpipeline.h">
      <Filter>ShaderUtils</Filter>
    </ClInclude>
    <ClInclude Include="shaderutils.h">
      <Filter>ShaderUtils</Filter>
    </ClInclude>
    <ClInclude Include="texture_rt.h">
      <Filter>Texture</Filter>
    </ClInclude>
    <ClInclude Include="meshimport\objreader.h">
      <Filter>meshimport</Filter>
    </ClInclude>
    <ClInclude Include="meshimport\mikktspace.h">
      <Filter>meshimport</Filter>
    </ClInclude>
    <ClInclude Include="meshimport\meshdraw.h">
      <Filter>meshimport</Filter>
    </ClInclude>
    <ClInclude Include="buffer.h">
      <Filter>Texture</Filter>
    </ClInclude>
    <ClInclude Include="meshimport\weldmesh.h">
      <Filter>meshimport</Filter>
    </ClInclude>
    <ClInclude Include="scenegraph.h">
      <Filter>scenegraph</Filter>
    </ClInclude>
    <ClInclude Include="custom_cbuffers.h">
      <Filter>Shaders</Filter>
    </ClInclude>
    <ClInclude Include="surfgrad_framework.h">
      <Filter>Shaders</Filter>
    </ClInclude>
    <ClInclude Include="noise.h">
      <Filter>Shaders</Filter>
    </ClInclude>
    <ClInclude Include="SortingComputeUtils.h">
      <Filter>Shaders</Filter>
    </ClInclude>
    <ClInclude Include="volume_definitions.h">
      <Filter>Shaders</Filter>
    </ClInclude>
    <ClInclude Include="VolumeTiling.h">
      <Filter>lighting</Filter>
    </ClInclude>
    <ClInclude Include="debug_volume_base.h">
      <Filter>Shaders</Filter>
    </ClInclude>
    <ClInclude Include="shadows.h">
      <Filter>shadows</Filter>
    </ClInclude>
    <ClInclude Include="shadows_cbuffer.h">
      <Filter>Shaders</Filter>
    </ClInclude>
    <ClInclude Include="canvas.h">
      <Filter>canvas</Filter>
    </ClInclude>
    <ClInclude Include="canvas_common.h">
      <Filter>Shaders</Filter>
    </ClInclude>
  </ItemGroup>
  <ItemGroup>
    <FxCompile Include="scrbound_cs.hlsl">
      <Filter>Shaders</Filter>
    </FxCompile>
    <FxCompile Include="shader_basic.hlsl">
      <Filter>Shaders</Filter>
    </FxCompile>
    <FxCompile Include="shader_lighting.hlsl">
      <Filter>Shaders</Filter>
    </FxCompile>
    <FxCompile Include="volumelist_cs.hlsl">
      <Filter>Shaders</Filter>
    </FxCompile>
    <FxCompile Include="shader_lighting_old_fptl_demo.hlsl">
      <Filter>Shaders</Filter>
    </FxCompile>
    <FxCompile Include="shader_debug_volumes.hlsl">
      <Filter>Shaders</Filter>
    </FxCompile>
    <FxCompile Include="shader_shadow_resolve.hlsl">
      <Filter>Shaders</Filter>
    </FxCompile>
    <FxCompile Include="shader_canvas.hlsl">
      <Filter>Shaders</Filter>
    </FxCompile>
  </ItemGroup>
</Project>